dependencies:
- name: argo-cd
  repository: https://argoproj.github.io/argo-helm
  version: 5.42.2
- name: postgresql
  repository: https://charts.bitnami.com/bitnami
  version: 12.8.0
- name: kratos
  repository: https://k8s.ory.sh/helm/charts
  version: 0.35.0
- name: minio
  repository: https://charts.bitnami.com/bitnami
  version: 12.6.12
digest: sha256:bf5357f65853450a1b9744ed4e589b997f4b0216dfbde08da6fa759a0cef97c5
generated: "2023-08-08T08:01:53.672201163+03:00"
